
Microsoft Visual Studio Solution File, Format Version 12.00
# Visual Studio Version 16
VisualStudioVersion = 16.0.30907.101
MinimumVisualStudioVersion = 10.0.40219.1
Project("{FAE04EC0-301F-11D3-BF4B-00C04F79EFBC}") = "DapperUpsert", "DapperUpsert\DapperUpsert.csproj", "{F6EE929D-2B3B-4CDF-934E-03E33E789939}"
EndProject
Global
	GlobalSection(SolutionConfigurationPlatforms) = preSolution
		Debug|Any CPU = Debug|Any CPU
		Release|Any CPU = Release|Any CPU
	EndGlobalSection
	GlobalSection(ProjectConfigurationPlatforms) = postSolution
		{F6EE929D-2B3B-4CDF-934E-03E33E789939}.Debug|Any CPU.ActiveCfg = Debug|Any CPU
		{F6EE929D-2B3B-4CDF-934E-03E33E789939}.Debug|Any CPU.Build.0 = Debug|Any CPU
		{F6EE929D-2B3B-4CDF-934E-03E33E789939}.Release|Any CPU.ActiveCfg = Release|Any CPU
		{F6EE929D-2B3B-4CDF-934E-03E33E789939}.Release|Any CPU.Build.0 = Release|Any CPU
	EndGlobalSection
	GlobalSection(SolutionProperties) = preSolution
		HideSolutionNode = FALSE
	EndGlobalSection
	GlobalSection(ExtensibilityGlobals) = postSolution
		SolutionGuid = {AE1845B5-0660-4283-AD59-49EFAC32F5FB}
	EndGlobalSection
EndGlobal
